
Microsoft Visual Studio Solution File, Format Version 12.00
# Visual Studio Version 17
VisualStudioVersion = 17.14.36908.2 d17.14
MinimumVisualStudioVersion = 10.0.40219.1
Project("{FAE04EC0-301F-11D3-BF4B-00C04F79EFBC}") = "StudySessionPlanner_App", "StudySessionPlanner_App\StudySessionPlanner_App.csproj", "{3462DCC5-308E-4A94-8C9B-20090B3FE6D1}"
EndProject
Global
	GlobalSection(SolutionConfigurationPlatforms) = preSolution
		Debug|Any CPU = Debug|Any CPU
		Release|Any CPU = Release|Any CPU
	EndGlobalSection
	GlobalSection(ProjectConfigurationPlatforms) = postSolution
		{3462DCC5-308E-4A94-8C9B-20090B3FE6D1}.Debug|Any CPU.ActiveCfg = Debug|Any CPU
		{3462DCC5-308E-4A94-8C9B-20090B3FE6D1}.Debug|Any CPU.Build.0 = Debug|Any CPU
		{3462DCC5-308E-4A94-8C9B-20090B3FE6D1}.Release|Any CPU.ActiveCfg = Release|Any CPU
		{3462DCC5-308E-4A94-8C9B-20090B3FE6D1}.Release|Any CPU.Build.0 = Release|Any CPU
	EndGlobalSection
	GlobalSection(SolutionProperties) = preSolution
		HideSolutionNode = FALSE
	EndGlobalSection
	GlobalSection(ExtensibilityGlobals) = postSolution
		SolutionGuid = {ECF39485-A2F9-4F28-B2E1-1AA287E32226}
	EndGlobalSection
EndGlobal
